
Microsoft Visual Studio Solution File, Format Version 12.00
# Visual Studio 2012
Project("{E24C65DC-7377-472B-9ABA-BC803B73C61A}") = "brackets", ".", "{96B6F556-B953-4F1D-9720-E29CEE2B668E}"
	ProjectSection(WebsiteProperties) = preProject
		TargetFrameworkMoniker = ".NETFramework,Version%3Dv4.0"
		Debug.AspNetCompiler.VirtualPath = "/brackets"
		Debug.AspNetCompiler.PhysicalPath = "..\brackets\"
		Debug.AspNetCompiler.TargetPath = "PrecompiledWeb\brackets\"
		Debug.AspNetCompiler.Updateable = "true"
		Debug.AspNetCompiler.ForceOverwrite = "true"
		Debug.AspNetCompiler.FixedNames = "false"
		Debug.AspNetCompiler.Debug = "True"
		Release.AspNetCompiler.VirtualPath = "/brackets"
		Release.AspNetCompiler.PhysicalPath = "..\brackets\"
		Release.AspNetCompiler.TargetPath = "PrecompiledWeb\brackets\"
		Release.AspNetCompiler.Updateable = "true"
		Release.AspNetCompiler.ForceOverwrite = "true"
		Release.AspNetCompiler.FixedNames = "false"
		Release.AspNetCompiler.Debug = "False"
		VWDPort = "53129"
	EndProjectSection
EndProject
Global
	GlobalSection(SolutionConfigurationPlatforms) = preSolution
		Debug|Any CPU = Debug|Any CPU
	EndGlobalSection
	GlobalSection(ProjectConfigurationPlatforms) = postSolution
		{96B6F556-B953-4F1D-9720-E29CEE2B668E}.Debug|Any CPU.ActiveCfg = Debug|Any CPU
		{96B6F556-B953-4F1D-9720-E29CEE2B668E}.Debug|Any CPU.Build.0 = Debug|Any CPU
	EndGlobalSection
	GlobalSection(SolutionProperties) = preSolution
		HideSolutionNode = FALSE
	EndGlobalSection
EndGlobal
