{
  "name": "brackets-src",
  "dependencies": {
    "acorn": {
      "version": "5.1.1",
      "from": "acorn@5.1.1",
      "resolved": "https://registry.npmjs.org/acorn/-/acorn-5.1.1.tgz"
    },
    "ajv": {
      "version": "4.11.8",
      "from": "ajv@>=4.9.1 <5.0.0",
      "resolved": "https://registry.npmjs.org/ajv/-/ajv-4.11.8.tgz",
      "optional": true
    },
    "asap": {
      "version": "2.0.6",
      "from": "asap@>=2.0.3 <2.1.0",
      "resolved": "https://registry.npmjs.org/asap/-/asap-2.0.6.tgz",
      "optional": true
    },
    "asn1": {
      "version": "0.2.3",
      "from": "asn1@>=0.2.3 <0.3.0",
      "resolved": "https://registry.npmjs.org/asn1/-/asn1-0.2.3.tgz",
      "optional": true
    },
    "assert-plus": {
      "version": "0.2.0",
      "from": "assert-plus@>=0.2.0 <0.3.0",
      "resolved": "https://registry.npmjs.org/assert-plus/-/assert-plus-0.2.0.tgz",
      "optional": true
    },
    "asynckit": {
      "version": "0.4.0",
      "from": "asynckit@>=0.4.0 <0.5.0",
      "resolved": "https://registry.npmjs.org/asynckit/-/asynckit-0.4.0.tgz",
      "optional": true
    },
    "aws-sign2": {
      "version": "0.6.0",
      "from": "aws-sign2@>=0.6.0 <0.7.0",
      "resolved": "https://registry.npmjs.org/aws-sign2/-/aws-sign2-0.6.0.tgz",
      "optional": true
    },
    "aws4": {
      "version": "1.6.0",
      "from": "aws4@>=1.2.1 <2.0.0",
      "resolved": "https://registry.npmjs.org/aws4/-/aws4-1.6.0.tgz",
      "optional": true
    },
    "bcrypt-pbkdf": {
      "version": "1.0.1",
      "from": "bcrypt-pbkdf@>=1.0.0 <2.0.0",
      "resolved": "https://registry.npmjs.org/bcrypt-pbkdf/-/bcrypt-pbkdf-1.0.1.tgz",
      "optional": true
    },
    "boom": {
      "version": "2.10.1",
      "from": "boom@>=2.0.0 <3.0.0",
      "resolved": "https://registry.npmjs.org/boom/-/boom-2.10.1.tgz"
    },
    "caseless": {
      "version": "0.12.0",
      "from": "caseless@>=0.12.0 <0.13.0",
      "resolved": "https://registry.npmjs.org/caseless/-/caseless-0.12.0.tgz",
      "optional": true
    },
    "co": {
      "version": "4.6.0",
      "from": "co@>=4.6.0 <5.0.0",
      "resolved": "https://registry.npmjs.org/co/-/co-4.6.0.tgz",
      "optional": true
    },
    "codemirror": {
      "version": "5.31.0",
      "from": "codemirror@5.31.0",
      "resolved": "https://registry.npmjs.org/codemirror/-/codemirror-5.31.0.tgz"
    },
    "combined-stream": {
      "version": "1.0.5",
      "from": "combined-stream@>=1.0.5 <1.1.0",
      "resolved": "https://registry.npmjs.org/combined-stream/-/combined-stream-1.0.5.tgz"
    },
    "core-util-is": {
      "version": "1.0.2",
      "from": "core-util-is@1.0.2",
      "resolved": "https://registry.npmjs.org/core-util-is/-/core-util-is-1.0.2.tgz",
      "optional": true
    },
    "cryptiles": {
      "version": "2.0.5",
      "from": "cryptiles@>=2.0.0 <3.0.0",
      "resolved": "https://registry.npmjs.org/cryptiles/-/cryptiles-2.0.5.tgz",
      "optional": true
    },
    "dashdash": {
      "version": "1.14.1",
      "from": "dashdash@>=1.12.0 <2.0.0",
      "resolved": "https://registry.npmjs.org/dashdash/-/dashdash-1.14.1.tgz",
      "optional": true,
      "dependencies": {
        "assert-plus": {
          "version": "1.0.0",
          "from": "assert-plus@>=1.0.0 <2.0.0",
          "resolved": "https://registry.npmjs.org/assert-plus/-/assert-plus-1.0.0.tgz",
          "optional": true
        }
      }
    },
    "delayed-stream": {
      "version": "1.0.0",
      "from": "delayed-stream@>=1.0.0 <1.1.0",
      "resolved": "https://registry.npmjs.org/delayed-stream/-/delayed-stream-1.0.0.tgz"
    },
    "ecc-jsbn": {
      "version": "0.1.1",
      "from": "ecc-jsbn@>=0.1.1 <0.2.0",
      "resolved": "https://registry.npmjs.org/ecc-jsbn/-/ecc-jsbn-0.1.1.tgz",
      "optional": true
    },
    "errno": {
      "version": "0.1.4",
      "from": "errno@>=0.1.1 <0.2.0",
      "resolved": "https://registry.npmjs.org/errno/-/errno-0.1.4.tgz",
      "optional": true
    },
    "extend": {
      "version": "3.0.1",
      "from": "extend@>=3.0.0 <3.1.0",
      "resolved": "https://registry.npmjs.org/extend/-/extend-3.0.1.tgz",
      "optional": true
    },
    "extsprintf": {
      "version": "1.3.0",
      "from": "extsprintf@1.3.0",
      "resolved": "https://registry.npmjs.org/extsprintf/-/extsprintf-1.3.0.tgz"
    },
    "forever-agent": {
      "version": "0.6.1",
      "from": "forever-agent@>=0.6.1 <0.7.0",
      "resolved": "https://registry.npmjs.org/forever-agent/-/forever-agent-0.6.1.tgz",
      "optional": true
    },
    "form-data": {
      "version": "2.1.4",
      "from": "form-data@>=2.1.1 <2.2.0",
      "resolved": "https://registry.npmjs.org/form-data/-/form-data-2.1.4.tgz",
      "optional": true
    },
    "getpass": {
      "version": "0.1.7",
      "from": "getpass@>=0.1.1 <0.2.0",
      "resolved": "https://registry.npmjs.org/getpass/-/getpass-0.1.7.tgz",
      "optional": true,
      "dependencies": {
        "assert-plus": {
          "version": "1.0.0",
          "from": "assert-plus@>=1.0.0 <2.0.0",
          "resolved": "https://registry.npmjs.org/assert-plus/-/assert-plus-1.0.0.tgz",
          "optional": true
        }
      }
    },
    "graceful-fs": {
      "version": "4.1.11",
      "from": "graceful-fs@>=4.1.2 <5.0.0",
      "resolved": "https://registry.npmjs.org/graceful-fs/-/graceful-fs-4.1.11.tgz",
      "optional": true
    },
    "har-schema": {
      "version": "1.0.5",
      "from": "har-schema@>=1.0.5 <2.0.0",
      "resolved": "https://registry.npmjs.org/har-schema/-/har-schema-1.0.5.tgz",
      "optional": true
    },
    "har-validator": {
      "version": "4.2.1",
      "from": "har-validator@>=4.2.1 <4.3.0",
      "resolved": "https://registry.npmjs.org/har-validator/-/har-validator-4.2.1.tgz",
      "optional": true
    },
    "hawk": {
      "version": "3.1.3",
      "from": "hawk@>=3.1.3 <3.2.0",
      "resolved": "https://registry.npmjs.org/hawk/-/hawk-3.1.3.tgz",
      "optional": true
    },
    "hoek": {
      "version": "2.16.3",
      "from": "hoek@>=2.0.0 <3.0.0",
      "resolved": "https://registry.npmjs.org/hoek/-/hoek-2.16.3.tgz"
    },
    "http-signature": {
      "version": "1.1.1",
      "from": "http-signature@>=1.1.0 <1.2.0",
      "resolved": "https://registry.npmjs.org/http-signature/-/http-signature-1.1.1.tgz",
      "optional": true
    },
    "image-size": {
      "version": "0.5.5",
      "from": "image-size@>=0.5.0 <0.6.0",
      "resolved": "https://registry.npmjs.org/image-size/-/image-size-0.5.5.tgz",
      "optional": true
    },
    "immutability-helper": {
      "version": "2.3.1",
      "from": "immutability-helper@>=2.1.2 <3.0.0",
      "resolved": "https://registry.npmjs.org/immutability-helper/-/immutability-helper-2.3.1.tgz"
    },
    "invariant": {
      "version": "2.2.2",
      "from": "invariant@>=2.2.0 <3.0.0",
      "resolved": "https://registry.npmjs.org/invariant/-/invariant-2.2.2.tgz"
    },
    "is-typedarray": {
      "version": "1.0.0",
      "from": "is-typedarray@>=1.0.0 <1.1.0",
      "resolved": "https://registry.npmjs.org/is-typedarray/-/is-typedarray-1.0.0.tgz",
      "optional": true
    },
    "isstream": {
      "version": "0.1.2",
      "from": "isstream@>=0.1.2 <0.2.0",
      "resolved": "https://registry.npmjs.org/isstream/-/isstream-0.1.2.tgz",
      "optional": true
    },
    "js-tokens": {
      "version": "3.0.2",
      "from": "js-tokens@>=3.0.0 <4.0.0",
      "resolved": "https://registry.npmjs.org/js-tokens/-/js-tokens-3.0.2.tgz"
    },
    "jsbn": {
      "version": "0.1.1",
      "from": "jsbn@>=0.1.0 <0.2.0",
      "resolved": "https://registry.npmjs.org/jsbn/-/jsbn-0.1.1.tgz",
      "optional": true
    },
    "json-schema": {
      "version": "0.2.3",
      "from": "json-schema@0.2.3",
      "resolved": "https://registry.npmjs.org/json-schema/-/json-schema-0.2.3.tgz",
      "optional": true
    },
    "json-stable-stringify": {
      "version": "1.0.1",
      "from": "json-stable-stringify@>=1.0.1 <2.0.0",
      "resolved": "https://registry.npmjs.org/json-stable-stringify/-/json-stable-stringify-1.0.1.tgz",
      "optional": true
    },
    "json-stringify-safe": {
      "version": "5.0.1",
      "from": "json-stringify-safe@>=5.0.1 <5.1.0",
      "resolved": "https://registry.npmjs.org/json-stringify-safe/-/json-stringify-safe-5.0.1.tgz",
      "optional": true
    },
    "jsonify": {
      "version": "0.0.0",
      "from": "jsonify@>=0.0.0 <0.1.0",
      "resolved": "https://registry.npmjs.org/jsonify/-/jsonify-0.0.0.tgz",
      "optional": true
    },
    "jsprim": {
      "version": "1.4.1",
      "from": "jsprim@>=1.2.2 <2.0.0",
      "resolved": "https://registry.npmjs.org/jsprim/-/jsprim-1.4.1.tgz",
      "optional": true,
      "dependencies": {
        "assert-plus": {
          "version": "1.0.0",
          "from": "assert-plus@1.0.0",
          "resolved": "https://registry.npmjs.org/assert-plus/-/assert-plus-1.0.0.tgz",
          "optional": true
        }
      }
    },
    "less": {
      "version": "2.7.2",
      "from": "less@2.7.2",
      "resolved": "https://registry.npmjs.org/less/-/less-2.7.2.tgz"
    },
    "loose-envify": {
      "version": "1.3.1",
      "from": "loose-envify@>=1.0.0 <2.0.0",
      "resolved": "https://registry.npmjs.org/loose-envify/-/loose-envify-1.3.1.tgz"
    },
    "mime": {
      "version": "1.4.0",
      "from": "mime@>=1.2.11 <2.0.0",
      "resolved": "https://registry.npmjs.org/mime/-/mime-1.4.0.tgz",
      "optional": true
    },
    "mime-db": {
      "version": "1.29.0",
      "from": "mime-db@>=1.29.0 <1.30.0",
      "resolved": "https://registry.npmjs.org/mime-db/-/mime-db-1.29.0.tgz"
    },
    "mime-types": {
      "version": "2.1.16",
      "from": "mime-types@>=2.1.7 <2.2.0",
      "resolved": "https://registry.npmjs.org/mime-types/-/mime-types-2.1.16.tgz"
    },
    "minimist": {
      "version": "0.0.8",
      "from": "minimist@0.0.8",
      "resolved": "https://registry.npmjs.org/minimist/-/minimist-0.0.8.tgz",
      "optional": true
    },
    "mkdirp": {
      "version": "0.5.1",
      "from": "mkdirp@>=0.5.0 <0.6.0",
      "resolved": "https://registry.npmjs.org/mkdirp/-/mkdirp-0.5.1.tgz",
      "optional": true
    },
    "oauth-sign": {
      "version": "0.8.2",
      "from": "oauth-sign@>=0.8.1 <0.9.0",
      "resolved": "https://registry.npmjs.org/oauth-sign/-/oauth-sign-0.8.2.tgz",
      "optional": true
    },
    "performance-now": {
      "version": "0.2.0",
      "from": "performance-now@>=0.2.0 <0.3.0",
      "resolved": "https://registry.npmjs.org/performance-now/-/performance-now-0.2.0.tgz",
      "optional": true
    },
    "preact": {
      "version": "8.2.1",
      "from": "preact@8.2.1",
      "resolved": "https://registry.npmjs.org/preact/-/preact-8.2.1.tgz"
    },
    "preact-compat": {
      "version": "3.17.0",
      "from": "adobe/preact-compat",
      "resolved": "git+https://github.com/adobe/preact-compat.git#a2a7274e9655535c967429af9de825e6978f3290"
    },
    "preact-render-to-string": {
      "version": "3.6.3",
      "from": "preact-render-to-string@>=3.6.0 <4.0.0",
      "resolved": "https://registry.npmjs.org/preact-render-to-string/-/preact-render-to-string-3.6.3.tgz"
    },
    "preact-test-utils": {
      "version": "0.1.3",
      "from": "preact-test-utils@0.1.3",
      "resolved": "https://registry.npmjs.org/preact-test-utils/-/preact-test-utils-0.1.3.tgz"
    },
    "preact-transition-group": {
      "version": "1.1.1",
      "from": "preact-transition-group@>=1.1.0 <2.0.0",
      "resolved": "https://registry.npmjs.org/preact-transition-group/-/preact-transition-group-1.1.1.tgz"
    },
    "pretty-format": {
      "version": "3.8.0",
      "from": "pretty-format@>=3.5.1 <4.0.0",
      "resolved": "https://registry.npmjs.org/pretty-format/-/pretty-format-3.8.0.tgz"
    },
    "promise": {
      "version": "7.3.1",
      "from": "promise@>=7.1.1 <8.0.0",
      "resolved": "https://registry.npmjs.org/promise/-/promise-7.3.1.tgz",
      "optional": true
    },
    "prr": {
      "version": "0.0.0",
      "from": "prr@>=0.0.0 <0.1.0",
      "resolved": "https://registry.npmjs.org/prr/-/prr-0.0.0.tgz",
      "optional": true
    },
    "punycode": {
      "version": "1.4.1",
      "from": "punycode@>=1.4.1 <2.0.0",
      "resolved": "https://registry.npmjs.org/punycode/-/punycode-1.4.1.tgz",
      "optional": true
    },
    "qs": {
      "version": "6.4.0",
      "from": "qs@>=6.4.0 <6.5.0",
      "resolved": "https://registry.npmjs.org/qs/-/qs-6.4.0.tgz",
      "optional": true
    },
    "request": {
      "version": "2.81.0",
      "from": "request@>=2.72.0 <3.0.0",
      "resolved": "https://registry.npmjs.org/request/-/request-2.81.0.tgz",
      "optional": true
    },
    "safe-buffer": {
      "version": "5.1.1",
      "from": "safe-buffer@>=5.0.1 <6.0.0",
      "resolved": "https://registry.npmjs.org/safe-buffer/-/safe-buffer-5.1.1.tgz"
    },
    "simulate-event": {
      "version": "1.4.0",
      "from": "simulate-event@>=1.4.0 <2.0.0",
      "resolved": "https://registry.npmjs.org/simulate-event/-/simulate-event-1.4.0.tgz"
    },
    "sntp": {
      "version": "1.0.9",
      "from": "sntp@>=1.0.0 <2.0.0",
      "resolved": "https://registry.npmjs.org/sntp/-/sntp-1.0.9.tgz",
      "optional": true
    },
    "source-map": {
      "version": "0.5.7",
      "from": "source-map@>=0.5.3 <0.6.0",
      "resolved": "https://registry.npmjs.org/source-map/-/source-map-0.5.7.tgz",
      "optional": true
    },
    "sshpk": {
      "version": "1.13.1",
      "from": "sshpk@>=1.7.0 <2.0.0",
      "resolved": "https://registry.npmjs.org/sshpk/-/sshpk-1.13.1.tgz",
      "optional": true,
      "dependencies": {
        "assert-plus": {
          "version": "1.0.0",
          "from": "assert-plus@>=1.0.0 <2.0.0",
          "resolved": "https://registry.npmjs.org/assert-plus/-/assert-plus-1.0.0.tgz",
          "optional": true
        }
      }
    },
    "standalone-react-addons-pure-render-mixin": {
      "version": "0.1.1",
      "from": "standalone-react-addons-pure-render-mixin@>=0.1.1 <0.2.0",
      "resolved": "https://registry.npmjs.org/standalone-react-addons-pure-render-mixin/-/standalone-react-addons-pure-render-mixin-0.1.1.tgz"
    },
    "stringstream": {
      "version": "0.0.5",
      "from": "stringstream@>=0.0.4 <0.1.0",
      "resolved": "https://registry.npmjs.org/stringstream/-/stringstream-0.0.5.tgz",
      "optional": true
    },
    "tough-cookie": {
      "version": "2.3.2",
      "from": "tough-cookie@>=2.3.0 <2.4.0",
      "resolved": "https://registry.npmjs.org/tough-cookie/-/tough-cookie-2.3.2.tgz",
      "optional": true
    },
    "tunnel-agent": {
      "version": "0.6.0",
      "from": "tunnel-agent@>=0.6.0 <0.7.0",
      "resolved": "https://registry.npmjs.org/tunnel-agent/-/tunnel-agent-0.6.0.tgz",
      "optional": true
    },
    "tweetnacl": {
      "version": "0.14.5",
      "from": "tweetnacl@>=0.14.0 <0.15.0",
      "resolved": "https://registry.npmjs.org/tweetnacl/-/tweetnacl-0.14.5.tgz",
      "optional": true
    },
    "uuid": {
      "version": "3.1.0",
      "from": "uuid@>=3.0.0 <4.0.0",
      "resolved": "https://registry.npmjs.org/uuid/-/uuid-3.1.0.tgz",
      "optional": true
    },
    "verror": {
      "version": "1.10.0",
      "from": "verror@1.10.0",
      "resolved": "https://registry.npmjs.org/verror/-/verror-1.10.0.tgz",
      "optional": true,
      "dependencies": {
        "assert-plus": {
          "version": "1.0.0",
          "from": "assert-plus@>=1.0.0 <2.0.0",
          "resolved": "https://registry.npmjs.org/assert-plus/-/assert-plus-1.0.0.tgz",
          "optional": true
        }
      }
    },
    "xtend": {
      "version": "4.0.1",
      "from": "xtend@>=4.0.1 <5.0.0",
      "resolved": "https://registry.npmjs.org/xtend/-/xtend-4.0.1.tgz"
    }
  }
}
